
Microsoft Visual Studio Solution File, Format Version 12.00
# Visual Studio Version 16
VisualStudioVersion = 16.0.29613.14
MinimumVisualStudioVersion = 10.0.40219.1
Project("{FAE04EC0-301F-11D3-BF4B-00C04F79EFBC}") = "CookBreakfast", "CookBreakfast\CookBreakfast.csproj", "{A382719D-4E71-407E-B1BF-E30FC22C3C1A}"
EndProject
Global
	GlobalSection(SolutionConfigurationPlatforms) = preSolution
		Debug|Any CPU = Debug|Any CPU
		Release|Any CPU = Release|Any CPU
	EndGlobalSection
	GlobalSection(ProjectConfigurationPlatforms) = postSolution
		{A382719D-4E71-407E-B1BF-E30FC22C3C1A}.Debug|Any CPU.ActiveCfg = Debug|Any CPU
		{A382719D-4E71-407E-B1BF-E30FC22C3C1A}.Debug|Any CPU.Build.0 = Debug|Any CPU
		{A382719D-4E71-407E-B1BF-E30FC22C3C1A}.Release|Any CPU.ActiveCfg = Release|Any CPU
		{A382719D-4E71-407E-B1BF-E30FC22C3C1A}.Release|Any CPU.Build.0 = Release|Any CPU
	EndGlobalSection
	GlobalSection(SolutionProperties) = preSolution
		HideSolutionNode = FALSE
	EndGlobalSection
	GlobalSection(ExtensibilityGlobals) = postSolution
		SolutionGuid = {0D47E922-DAB4-41C0-9281-B09D08C79274}
	EndGlobalSection
EndGlobal
